
Microsoft Visual Studio Solution File, Format Version 12.00
# Visual Studio 15
VisualStudioVersion = 15.0.28307.438
MinimumVisualStudioVersion = 10.0.40219.1
Project("{9A19103F-16F7-4668-BE54-9A1E7A4F7556}") = "ProjetoSoft", "ProjetoSoft.csproj", "{53FD8F13-E9EF-43FC-81F8-B2F0818B98CD}"
EndProject
Global
	GlobalSection(SolutionConfigurationPlatforms) = preSolution
		Debug|Any CPU = Debug|Any CPU
		Release|Any CPU = Release|Any CPU
	EndGlobalSection
	GlobalSection(ProjectConfigurationPlatforms) = postSolution
		{53FD8F13-E9EF-43FC-81F8-B2F0818B98CD}.Debug|Any CPU.ActiveCfg = Debug|Any CPU
		{53FD8F13-E9EF-43FC-81F8-B2F0818B98CD}.Debug|Any CPU.Build.0 = Debug|Any CPU
		{53FD8F13-E9EF-43FC-81F8-B2F0818B98CD}.Release|Any CPU.ActiveCfg = Release|Any CPU
		{53FD8F13-E9EF-43FC-81F8-B2F0818B98CD}.Release|Any CPU.Build.0 = Release|Any CPU
	EndGlobalSection
	GlobalSection(SolutionProperties) = preSolution
		HideSolutionNode = FALSE
	EndGlobalSection
	GlobalSection(ExtensibilityGlobals) = postSolution
		SolutionGuid = {EBCB7192-D89C-46B7-81C4-7D80AEA7FE39}
	EndGlobalSection
EndGlobal
